{
  "nodes": {
    "elisp-helpers": {
      "inputs": {
        "fromElisp": "fromElisp"
      },
      "locked": {
        "lastModified": 1763784882,
        "narHash": "sha256-ZaGDaT7hKNFh/RwT0YZqWL9AzFjRgpUPGGYbVVHJ4PM=",
        "owner": "emacs-twist",
        "repo": "elisp-helpers",
        "rev": "6126c7bb179b13442c86e6f5ee9ff7b0c4837e53",
        "type": "github"
      },
      "original": {
        "owner": "emacs-twist",
        "repo": "elisp-helpers",
        "type": "github"
      }
    },
    "emacs-overlay": {
      "inputs": {
        "nixpkgs": "nixpkgs",
        "nixpkgs-stable": "nixpkgs-stable"
      },
      "locked": {
        "lastModified": 1764606427,
        "narHash": "sha256-SCszJCJ333PbvmDs1CHwF59tqNccswIlB2XM+zXqM7E=",
        "owner": "nix-community",
        "repo": "emacs-overlay",
        "rev": "8f07a44e11a723fe880706e20e230b83c00afd1c",
        "type": "github"
      },
      "original": {
        "owner": "nix-community",
        "repo": "emacs-overlay",
        "type": "github"
      }
    },
    "flake-parts": {
      "inputs": {
        "nixpkgs-lib": [
          "nixpkgs"
        ]
      },
      "locked": {
        "lastModified": 1763759067,
        "narHash": "sha256-LlLt2Jo/gMNYAwOgdRQBrsRoOz7BPRkzvNaI/fzXi2Q=",
        "owner": "hercules-ci",
        "repo": "flake-parts",
        "rev": "2cccadc7357c0ba201788ae99c4dfa90728ef5e0",
        "type": "github"
      },
      "original": {
        "owner": "hercules-ci",
        "repo": "flake-parts",
        "type": "github"
      }
    },
    "fromElisp": {
      "flake": false,
      "locked": {
        "lastModified": 1723987997,
        "narHash": "sha256-OhaVgTG6zjLByzl+uPTvtCld3p2uqgbCXmOl/s3LVRo=",
        "owner": "talyz",
        "repo": "fromElisp",
        "rev": "f071a0e262c02c0895b575c4e322b7fd90713543",
        "type": "github"
      },
      "original": {
        "owner": "talyz",
        "repo": "fromElisp",
        "type": "github"
      }
    },
    "gnu-elpa": {
      "flake": false,
      "locked": {
        "lastModified": 1760200209,
        "narHash": "sha256-Cx4W8whZRpGcoU0p2T1yirug8FRaKR8WcMopjPmlrrA=",
        "owner": "elpa-mirrors",
        "repo": "elpa",
        "rev": "95b0fc13c5b21306efb70c45442f0883bc401d4f",
        "type": "github"
      },
      "original": {
        "owner": "elpa-mirrors",
        "repo": "elpa",
        "type": "github"
      }
    },
    "gnu-elpa-archive": {
      "flake": false,
      "locked": {
        "narHash": "sha256-C0RP2tij6ggriRFE3i1hxkX8fFifxaqsHIyscpytfHE=",
        "type": "file",
        "url": "https://elpa.gnu.org/packages/archive-contents"
      },
      "original": {
        "type": "file",
        "url": "https://elpa.gnu.org/packages/archive-contents"
      }
    },
    "melpa": {
      "flake": false,
      "locked": {
        "lastModified": 1764451304,
        "narHash": "sha256-0h6LyOEoLsC1AJ6e+ieAXp2Na8WUz5BwSamEYZTGfsk=",
        "owner": "melpa",
        "repo": "melpa",
        "rev": "424e2bd3cbf6932f60400911483a6664342719c0",
        "type": "github"
      },
      "original": {
        "owner": "melpa",
        "repo": "melpa",
        "type": "github"
      }
    },
    "nixpkgs": {
      "locked": {
        "lastModified": 1764517877,
        "narHash": "sha256-pp3uT4hHijIC8JUK5MEqeAWmParJrgBVzHLNfJDZxg4=",
        "owner": "NixOS",
        "repo": "nixpkgs",
        "rev": "2d293cbfa5a793b4c50d17c05ef9e385b90edf6c",
        "type": "github"
      },
      "original": {
        "owner": "NixOS",
        "ref": "nixos-unstable",
        "repo": "nixpkgs",
        "type": "github"
      }
    },
    "nixpkgs-stable": {
      "locked": {
        "lastModified": 1764560356,
        "narHash": "sha256-M5aFEFPppI4UhdOxwdmceJ9bDJC4T6C6CzCK1E2FZyo=",
        "owner": "NixOS",
        "repo": "nixpkgs",
        "rev": "6c8f0cca84510cc79e09ea99a299c9bc17d03cb6",
        "type": "github"
      },
      "original": {
        "owner": "NixOS",
        "ref": "nixos-25.05",
        "repo": "nixpkgs",
        "type": "github"
      }
    },
    "nongnu-elpa": {
      "flake": false,
      "locked": {
        "lastModified": 1764451551,
        "narHash": "sha256-rWFIcwvdAK/ggMQNJyriqoxX1+qFwGwIfKhowJSSaQA=",
        "owner": "elpa-mirrors",
        "repo": "nongnu",
        "rev": "1084df2a9337a08b7becfabb9518e51a42231f92",
        "type": "github"
      },
      "original": {
        "owner": "elpa-mirrors",
        "repo": "nongnu",
        "type": "github"
      }
    },
    "nongnu-elpa-archive": {
      "flake": false,
      "locked": {
        "narHash": "sha256-ePzZzq934nCS1QNvCAD6UWGRYN+8Rf0urNORjAF2USI=",
        "type": "file",
        "url": "https://elpa.nongnu.org/nongnu/archive-contents"
      },
      "original": {
        "type": "file",
        "url": "https://elpa.nongnu.org/nongnu/archive-contents"
      }
    },
    "org-babel": {
      "locked": {
        "lastModified": 1731256202,
        "narHash": "sha256-xtV0vIUhl3ZUzaUIHSaiWpybxyCgQ9Yp/MUGo3f5zvM=",
        "owner": "emacs-twist",
        "repo": "org-babel",
        "rev": "a5d16c54aca35c07af59d216cda598163512db42",
        "type": "github"
      },
      "original": {
        "owner": "emacs-twist",
        "repo": "org-babel",
        "type": "github"
      }
    },
    "pkgs-by-name-for-flake-parts": {
      "locked": {
        "lastModified": 1743779435,
        "narHash": "sha256-5eaQ3iKcwUbLw7pOJJqV85qgf5L+ihfsISrifGM7czQ=",
        "owner": "drupol",
        "repo": "pkgs-by-name-for-flake-parts",
        "rev": "477b3e8f981e3d7bac9d297e64796c918942f744",
        "type": "github"
      },
      "original": {
        "owner": "drupol",
        "repo": "pkgs-by-name-for-flake-parts",
        "type": "github"
      }
    },
    "root": {
      "inputs": {
        "emacs-overlay": "emacs-overlay",
        "flake-parts": "flake-parts",
        "gnu-elpa": "gnu-elpa",
        "gnu-elpa-archive": "gnu-elpa-archive",
        "melpa": "melpa",
        "nixpkgs": [
          "emacs-overlay",
          "nixpkgs"
        ],
        "nongnu-elpa": "nongnu-elpa",
        "nongnu-elpa-archive": "nongnu-elpa-archive",
        "org-babel": "org-babel",
        "pkgs-by-name-for-flake-parts": "pkgs-by-name-for-flake-parts",
        "systems": "systems",
        "twist": "twist",
        "twist-overrides": "twist-overrides"
      }
    },
    "systems": {
      "locked": {
        "lastModified": 1681028828,
        "narHash": "sha256-Vy1rq5AaRuLzOxct8nz4T6wlgyUR7zLU309k9mBC768=",
        "owner": "nix-systems",
        "repo": "default",
        "rev": "da67096a3b9bf56a91d16901293e51ba5b49a27e",
        "type": "github"
      },
      "original": {
        "owner": "nix-systems",
        "repo": "default",
        "type": "github"
      }
    },
    "twist": {
      "inputs": {
        "elisp-helpers": "elisp-helpers"
      },
      "locked": {
        "lastModified": 1759460592,
        "narHash": "sha256-HpX25DafWkANa5IMM7lnzewP7lnvRNVeNnCjST8HhkA=",
        "owner": "emacs-twist",
        "repo": "twist.nix",
        "rev": "4ec7d75f0c5a2133bfdf69c0e55a142935ae3898",
        "type": "github"
      },
      "original": {
        "owner": "emacs-twist",
        "repo": "twist.nix",
        "type": "github"
      }
    },
    "twist-overrides": {
      "locked": {
        "lastModified": 1722071850,
        "narHash": "sha256-lyVZGFJo9mgKUGWtMGqGq6T3wQnzQwemNryM2USEKMc=",
        "owner": "emacs-twist",
        "repo": "overrides",
        "rev": "9dcd55a44ed7bf2324a1d2dc4579d5389ecac6b0",
        "type": "github"
      },
      "original": {
        "owner": "emacs-twist",
        "repo": "overrides",
        "type": "github"
      }
    }
  },
  "root": "root",
  "version": 7
}
