{
  "nodes": {
    "elisp-helpers": {
      "inputs": {
        "fromElisp": "fromElisp"
      },
      "locked": {
        "lastModified": 1754989269,
        "narHash": "sha256-WNOlf4cEEUL+nfYHVXUPMuqzYJSWOOWGX2fZ9MR3zzo=",
        "owner": "emacs-twist",
        "repo": "elisp-helpers",
        "rev": "04ce2b5a88256d1c0573c94e93de6eb0700cd3a6",
        "type": "github"
      },
      "original": {
        "owner": "emacs-twist",
        "repo": "elisp-helpers",
        "type": "github"
      }
    },
    "emacs-overlay": {
      "inputs": {
        "nixpkgs": "nixpkgs",
        "nixpkgs-stable": "nixpkgs-stable"
      },
      "locked": {
        "lastModified": 1761038066,
        "narHash": "sha256-pi2+CQ0IbkpY4JiR2GQtlH5vAShUuL39PHgAWVWp9Tk=",
        "owner": "nix-community",
        "repo": "emacs-overlay",
        "rev": "fec774c3dfeb3dd8ffddabfcbe4ae0e054202aa0",
        "type": "github"
      },
      "original": {
        "owner": "nix-community",
        "repo": "emacs-overlay",
        "type": "github"
      }
    },
    "flake-parts": {
      "inputs": {
        "nixpkgs-lib": [
          "nixpkgs"
        ]
      },
      "locked": {
        "lastModified": 1760948891,
        "narHash": "sha256-TmWcdiUUaWk8J4lpjzu4gCGxWY6/Ok7mOK4fIFfBuU4=",
        "owner": "hercules-ci",
        "repo": "flake-parts",
        "rev": "864599284fc7c0ba6357ed89ed5e2cd5040f0c04",
        "type": "github"
      },
      "original": {
        "owner": "hercules-ci",
        "repo": "flake-parts",
        "type": "github"
      }
    },
    "fromElisp": {
      "flake": false,
      "locked": {
        "lastModified": 1723987997,
        "narHash": "sha256-OhaVgTG6zjLByzl+uPTvtCld3p2uqgbCXmOl/s3LVRo=",
        "owner": "talyz",
        "repo": "fromElisp",
        "rev": "f071a0e262c02c0895b575c4e322b7fd90713543",
        "type": "github"
      },
      "original": {
        "owner": "talyz",
        "repo": "fromElisp",
        "type": "github"
      }
    },
    "gnu-elpa": {
      "flake": false,
      "locked": {
        "lastModified": 1760200209,
        "narHash": "sha256-Cx4W8whZRpGcoU0p2T1yirug8FRaKR8WcMopjPmlrrA=",
        "owner": "elpa-mirrors",
        "repo": "elpa",
        "rev": "95b0fc13c5b21306efb70c45442f0883bc401d4f",
        "type": "github"
      },
      "original": {
        "owner": "elpa-mirrors",
        "repo": "elpa",
        "type": "github"
      }
    },
    "gnu-elpa-archive": {
      "flake": false,
      "locked": {
        "narHash": "sha256-UEOyys9Fmxl/UpJN0sc/RRcUfa6n+awDXNhEV3QEt3s=",
        "type": "file",
        "url": "https://elpa.gnu.org/packages/archive-contents"
      },
      "original": {
        "type": "file",
        "url": "https://elpa.gnu.org/packages/archive-contents"
      }
    },
    "melpa": {
      "flake": false,
      "locked": {
        "lastModified": 1760894616,
        "narHash": "sha256-XpR2VqEL0JIiaTyCutbvKVXk39rXLjFK3sQYj+stewI=",
        "owner": "melpa",
        "repo": "melpa",
        "rev": "79a43fffadf3e0116a5628b37157d7b67a2266b2",
        "type": "github"
      },
      "original": {
        "owner": "melpa",
        "repo": "melpa",
        "type": "github"
      }
    },
    "nixpkgs": {
      "locked": {
        "lastModified": 1761114652,
        "narHash": "sha256-f/QCJM/YhrV/lavyCVz8iU3rlZun6d+dAiC3H+CDle4=",
        "owner": "NixOS",
        "repo": "nixpkgs",
        "rev": "01f116e4df6a15f4ccdffb1bcd41096869fb385c",
        "type": "github"
      },
      "original": {
        "owner": "NixOS",
        "ref": "nixos-unstable",
        "repo": "nixpkgs",
        "type": "github"
      }
    },
    "nixpkgs-stable": {
      "locked": {
        "lastModified": 1760862643,
        "narHash": "sha256-PXwG0TM7Ek87DNx4LbGWuD93PbFeKAJs4FfALtp7Wo0=",
        "owner": "NixOS",
        "repo": "nixpkgs",
        "rev": "33c6dca0c0cb31d6addcd34e90a63ad61826b28c",
        "type": "github"
      },
      "original": {
        "owner": "NixOS",
        "ref": "nixos-25.05",
        "repo": "nixpkgs",
        "type": "github"
      }
    },
    "nongnu-elpa": {
      "flake": false,
      "locked": {
        "lastModified": 1756987037,
        "narHash": "sha256-BLBFT8ELt9fWrdXtC24oEubA/52ZicWmFLLwXBsY3Nw=",
        "owner": "elpa-mirrors",
        "repo": "nongnu",
        "rev": "f5b312b749043106a17f388ea3d153239b9bd541",
        "type": "github"
      },
      "original": {
        "owner": "elpa-mirrors",
        "repo": "nongnu",
        "type": "github"
      }
    },
    "nongnu-elpa-archive": {
      "flake": false,
      "locked": {
        "narHash": "sha256-6n4fi4qyJHrzvAaQ5/SGjWTHi7hJaMnMu3eUnks6v6Y=",
        "type": "file",
        "url": "https://elpa.nongnu.org/nongnu/archive-contents"
      },
      "original": {
        "type": "file",
        "url": "https://elpa.nongnu.org/nongnu/archive-contents"
      }
    },
    "org-babel": {
      "locked": {
        "lastModified": 1731256202,
        "narHash": "sha256-xtV0vIUhl3ZUzaUIHSaiWpybxyCgQ9Yp/MUGo3f5zvM=",
        "owner": "emacs-twist",
        "repo": "org-babel",
        "rev": "a5d16c54aca35c07af59d216cda598163512db42",
        "type": "github"
      },
      "original": {
        "owner": "emacs-twist",
        "repo": "org-babel",
        "type": "github"
      }
    },
    "pkgs-by-name-for-flake-parts": {
      "locked": {
        "lastModified": 1743779435,
        "narHash": "sha256-5eaQ3iKcwUbLw7pOJJqV85qgf5L+ihfsISrifGM7czQ=",
        "owner": "drupol",
        "repo": "pkgs-by-name-for-flake-parts",
        "rev": "477b3e8f981e3d7bac9d297e64796c918942f744",
        "type": "github"
      },
      "original": {
        "owner": "drupol",
        "repo": "pkgs-by-name-for-flake-parts",
        "type": "github"
      }
    },
    "root": {
      "inputs": {
        "emacs-overlay": "emacs-overlay",
        "flake-parts": "flake-parts",
        "gnu-elpa": "gnu-elpa",
        "gnu-elpa-archive": "gnu-elpa-archive",
        "melpa": "melpa",
        "nixpkgs": [
          "emacs-overlay",
          "nixpkgs"
        ],
        "nongnu-elpa": "nongnu-elpa",
        "nongnu-elpa-archive": "nongnu-elpa-archive",
        "org-babel": "org-babel",
        "pkgs-by-name-for-flake-parts": "pkgs-by-name-for-flake-parts",
        "systems": "systems",
        "twist": "twist",
        "twist-overrides": "twist-overrides"
      }
    },
    "systems": {
      "locked": {
        "lastModified": 1681028828,
        "narHash": "sha256-Vy1rq5AaRuLzOxct8nz4T6wlgyUR7zLU309k9mBC768=",
        "owner": "nix-systems",
        "repo": "default",
        "rev": "da67096a3b9bf56a91d16901293e51ba5b49a27e",
        "type": "github"
      },
      "original": {
        "owner": "nix-systems",
        "repo": "default",
        "type": "github"
      }
    },
    "twist": {
      "inputs": {
        "elisp-helpers": "elisp-helpers"
      },
      "locked": {
        "lastModified": 1759460592,
        "narHash": "sha256-HpX25DafWkANa5IMM7lnzewP7lnvRNVeNnCjST8HhkA=",
        "owner": "emacs-twist",
        "repo": "twist.nix",
        "rev": "4ec7d75f0c5a2133bfdf69c0e55a142935ae3898",
        "type": "github"
      },
      "original": {
        "owner": "emacs-twist",
        "repo": "twist.nix",
        "type": "github"
      }
    },
    "twist-overrides": {
      "locked": {
        "lastModified": 1722071850,
        "narHash": "sha256-lyVZGFJo9mgKUGWtMGqGq6T3wQnzQwemNryM2USEKMc=",
        "owner": "emacs-twist",
        "repo": "overrides",
        "rev": "9dcd55a44ed7bf2324a1d2dc4579d5389ecac6b0",
        "type": "github"
      },
      "original": {
        "owner": "emacs-twist",
        "repo": "overrides",
        "type": "github"
      }
    }
  },
  "root": "root",
  "version": 7
}
