{
  "nodes": {
    "elisp-helpers": {
      "inputs": {
        "fromElisp": "fromElisp"
      },
      "locked": {
        "lastModified": 1763784882,
        "narHash": "sha256-ZaGDaT7hKNFh/RwT0YZqWL9AzFjRgpUPGGYbVVHJ4PM=",
        "owner": "emacs-twist",
        "repo": "elisp-helpers",
        "rev": "6126c7bb179b13442c86e6f5ee9ff7b0c4837e53",
        "type": "github"
      },
      "original": {
        "owner": "emacs-twist",
        "repo": "elisp-helpers",
        "type": "github"
      }
    },
    "emacs-overlay": {
      "inputs": {
        "nixpkgs": "nixpkgs",
        "nixpkgs-stable": "nixpkgs-stable"
      },
      "locked": {
        "lastModified": 1776244836,
        "narHash": "sha256-UJr7TUHtud7OK+yGnyoYILrEPE3xPrJGG1M30MHxY88=",
        "owner": "nix-community",
        "repo": "emacs-overlay",
        "rev": "fff5dfce2dc5f132d07a8092e14a4362442a1a3f",
        "type": "github"
      },
      "original": {
        "owner": "nix-community",
        "repo": "emacs-overlay",
        "type": "github"
      }
    },
    "flake-parts": {
      "inputs": {
        "nixpkgs-lib": [
          "nixpkgs"
        ]
      },
      "locked": {
        "lastModified": 1775087534,
        "narHash": "sha256-91qqW8lhL7TLwgQWijoGBbiD4t7/q75KTi8NxjVmSmA=",
        "owner": "hercules-ci",
        "repo": "flake-parts",
        "rev": "3107b77cd68437b9a76194f0f7f9c55f2329ca5b",
        "type": "github"
      },
      "original": {
        "owner": "hercules-ci",
        "repo": "flake-parts",
        "type": "github"
      }
    },
    "fromElisp": {
      "flake": false,
      "locked": {
        "lastModified": 1723987997,
        "narHash": "sha256-OhaVgTG6zjLByzl+uPTvtCld3p2uqgbCXmOl/s3LVRo=",
        "owner": "talyz",
        "repo": "fromElisp",
        "rev": "f071a0e262c02c0895b575c4e322b7fd90713543",
        "type": "github"
      },
      "original": {
        "owner": "talyz",
        "repo": "fromElisp",
        "type": "github"
      }
    },
    "gnu-elpa": {
      "flake": false,
      "locked": {
        "lastModified": 1775839863,
        "narHash": "sha256-7JaxHHZNL9x8wTiyaxFvrhnYP2WUwZYOTkg7X/WaG3Y=",
        "owner": "emacsmirror",
        "repo": "gnu_elpa",
        "rev": "509fc27b85a8c507fcd5cea28ecef4f4fb89c144",
        "type": "github"
      },
      "original": {
        "owner": "emacsmirror",
        "repo": "gnu_elpa",
        "type": "github"
      }
    },
    "gnu-elpa-archive": {
      "flake": false,
      "locked": {
        "narHash": "sha256-ETVF+VkSr5A+sU2f5ZnfzA3YiCE2Kp0xPblCrNdB8Z4=",
        "type": "file",
        "url": "https://elpa.gnu.org/packages/archive-contents"
      },
      "original": {
        "type": "file",
        "url": "https://elpa.gnu.org/packages/archive-contents"
      }
    },
    "melpa": {
      "flake": false,
      "locked": {
        "lastModified": 1776029858,
        "narHash": "sha256-L/PamwKsInd0G88j4pHOB0zNKwFfHm/YLbjE4t5lodg=",
        "owner": "melpa",
        "repo": "melpa",
        "rev": "e4d79aed1b29079b096ae3453d874fd830b369b7",
        "type": "github"
      },
      "original": {
        "owner": "melpa",
        "repo": "melpa",
        "type": "github"
      }
    },
    "nixpkgs": {
      "locked": {
        "lastModified": 1775710090,
        "narHash": "sha256-ar3rofg+awPB8QXDaFJhJ2jJhu+KqN/PRCXeyuXR76E=",
        "owner": "NixOS",
        "repo": "nixpkgs",
        "rev": "4c1018dae018162ec878d42fec712642d214fdfa",
        "type": "github"
      },
      "original": {
        "owner": "NixOS",
        "ref": "nixos-unstable",
        "repo": "nixpkgs",
        "type": "github"
      }
    },
    "nixpkgs-stable": {
      "locked": {
        "lastModified": 1776067740,
        "narHash": "sha256-B35lpsqnSZwn1Lmz06BpwF7atPgFmUgw1l8KAV3zpVQ=",
        "owner": "NixOS",
        "repo": "nixpkgs",
        "rev": "7e495b747b51f95ae15e74377c5ce1fe69c1765f",
        "type": "github"
      },
      "original": {
        "owner": "NixOS",
        "ref": "nixos-25.11",
        "repo": "nixpkgs",
        "type": "github"
      }
    },
    "nongnu-elpa": {
      "flake": false,
      "locked": {
        "lastModified": 1775140556,
        "narHash": "sha256-z6dxooNYIieHdDUVlepmjQWbxt2PzZMGRloh6hB9NNo=",
        "owner": "emacsmirror",
        "repo": "nongnu_elpa",
        "rev": "9589680ec7cf0ac153aa0a0c7f9feae602826ad6",
        "type": "github"
      },
      "original": {
        "owner": "emacsmirror",
        "repo": "nongnu_elpa",
        "type": "github"
      }
    },
    "nongnu-elpa-archive": {
      "flake": false,
      "locked": {
        "narHash": "sha256-j6Vk5CydXrh7HEwu5EkPKxNGIIi6vVJXb5gr9EKfOTE=",
        "type": "file",
        "url": "https://elpa.nongnu.org/nongnu/archive-contents"
      },
      "original": {
        "type": "file",
        "url": "https://elpa.nongnu.org/nongnu/archive-contents"
      }
    },
    "org-babel": {
      "locked": {
        "lastModified": 1731256202,
        "narHash": "sha256-xtV0vIUhl3ZUzaUIHSaiWpybxyCgQ9Yp/MUGo3f5zvM=",
        "owner": "emacs-twist",
        "repo": "org-babel",
        "rev": "a5d16c54aca35c07af59d216cda598163512db42",
        "type": "github"
      },
      "original": {
        "owner": "emacs-twist",
        "repo": "org-babel",
        "type": "github"
      }
    },
    "pkgs-by-name-for-flake-parts": {
      "locked": {
        "lastModified": 1769286518,
        "narHash": "sha256-F7VlUICvYp2wJKyQqM6d46BNEZCzMQ6dMH9zbmjuybc=",
        "owner": "drupol",
        "repo": "pkgs-by-name-for-flake-parts",
        "rev": "7ba1cd4a9a72c9c6c272018a63f090f2c912a171",
        "type": "github"
      },
      "original": {
        "owner": "drupol",
        "repo": "pkgs-by-name-for-flake-parts",
        "type": "github"
      }
    },
    "root": {
      "inputs": {
        "emacs-overlay": "emacs-overlay",
        "flake-parts": "flake-parts",
        "gnu-elpa": "gnu-elpa",
        "gnu-elpa-archive": "gnu-elpa-archive",
        "melpa": "melpa",
        "nixpkgs": [
          "emacs-overlay",
          "nixpkgs"
        ],
        "nongnu-elpa": "nongnu-elpa",
        "nongnu-elpa-archive": "nongnu-elpa-archive",
        "org-babel": "org-babel",
        "pkgs-by-name-for-flake-parts": "pkgs-by-name-for-flake-parts",
        "systems": "systems",
        "twist": "twist",
        "twist-overrides": "twist-overrides"
      }
    },
    "systems": {
      "locked": {
        "lastModified": 1681028828,
        "narHash": "sha256-Vy1rq5AaRuLzOxct8nz4T6wlgyUR7zLU309k9mBC768=",
        "owner": "nix-systems",
        "repo": "default",
        "rev": "da67096a3b9bf56a91d16901293e51ba5b49a27e",
        "type": "github"
      },
      "original": {
        "owner": "nix-systems",
        "repo": "default",
        "type": "github"
      }
    },
    "twist": {
      "inputs": {
        "elisp-helpers": "elisp-helpers"
      },
      "locked": {
        "lastModified": 1773918055,
        "narHash": "sha256-sOduLeCJGmxe1AkCSaPoPccSeP5q2kKASPdQBd26g9w=",
        "owner": "emacs-twist",
        "repo": "twist.nix",
        "rev": "a53210dab4eb40d56be7b6218f5a4f8b93eff214",
        "type": "github"
      },
      "original": {
        "owner": "emacs-twist",
        "repo": "twist.nix",
        "type": "github"
      }
    },
    "twist-overrides": {
      "locked": {
        "lastModified": 1722071850,
        "narHash": "sha256-lyVZGFJo9mgKUGWtMGqGq6T3wQnzQwemNryM2USEKMc=",
        "owner": "emacs-twist",
        "repo": "overrides",
        "rev": "9dcd55a44ed7bf2324a1d2dc4579d5389ecac6b0",
        "type": "github"
      },
      "original": {
        "owner": "emacs-twist",
        "repo": "overrides",
        "type": "github"
      }
    }
  },
  "root": "root",
  "version": 7
}
