{
  "nodes": {
    "aio": {
      "flake": false,
      "locked": {
        "lastModified": 1762161640,
        "narHash": "sha256-C5qge82/aEfdbteblSseEYkmF+4G/X/SFT/MMYHD/pY=",
        "owner": "skeeto",
        "repo": "emacs-aio",
        "rev": "e0105f8ec8c47c12c0958442d0eaef72c94e8747",
        "type": "github"
      },
      "original": {
        "owner": "skeeto",
        "repo": "emacs-aio",
        "type": "github"
      }
    },
    "benchmark-init": {
      "flake": false,
      "locked": {
        "lastModified": 1741867258,
        "narHash": "sha256-woUqo6zPt/M87BtVFKX1MYEj8GWG4FOiaPvN1kLGjno=",
        "owner": "dholm",
        "repo": "benchmark-init-el",
        "rev": "6507caa3c4cb2a6c9b85c771c5e9e5aeb7d745bc",
        "type": "github"
      },
      "original": {
        "owner": "dholm",
        "repo": "benchmark-init-el",
        "type": "github"
      }
    },
    "cape": {
      "flake": false,
      "locked": {
        "lastModified": 1762370070,
        "narHash": "sha256-lFAGAYR10FIazFmsqpCjNVFTA3BZH2uM74JNQ7k08k0=",
        "owner": "minad",
        "repo": "cape",
        "rev": "e0dd6eff88f690a2876bd98e5502ceee17530f1b",
        "type": "github"
      },
      "original": {
        "owner": "minad",
        "repo": "cape",
        "type": "github"
      }
    },
    "closql": {
      "flake": false,
      "locked": {
        "lastModified": 1762026029,
        "narHash": "sha256-83+PHB90qTbCXPWPkc+EST6Gj+aTFIpA+ue0V6enHYQ=",
        "owner": "magit",
        "repo": "closql",
        "rev": "4a60723ae4bfe809a9affcf3306cb40e0ca1ca6c",
        "type": "github"
      },
      "original": {
        "owner": "magit",
        "repo": "closql",
        "type": "github"
      }
    },
    "compat": {
      "flake": false,
      "locked": {
        "lastModified": 1762266421,
        "narHash": "sha256-xa/nV34mPTGvJGZaQU+8DPs3FaQl8FPsqlSLeg0ts7E=",
        "owner": "emacs-compat",
        "repo": "compat",
        "rev": "ad6a2b82f7bc2ea698b9684501963dfa71ffdc27",
        "type": "github"
      },
      "original": {
        "owner": "emacs-compat",
        "repo": "compat",
        "type": "github"
      }
    },
    "cond-let": {
      "flake": false,
      "locked": {
        "lastModified": 1762026149,
        "narHash": "sha256-3MMYZcE/5+AVFOJxR91KsuxWlkpL/zE5IZK3z55tsEk=",
        "owner": "tarsius",
        "repo": "cond-let",
        "rev": "288b7d36563223ebaf64cb220a3b270bdffb63f1",
        "type": "github"
      },
      "original": {
        "owner": "tarsius",
        "repo": "cond-let",
        "type": "github"
      }
    },
    "consult": {
      "flake": false,
      "locked": {
        "lastModified": 1762183982,
        "narHash": "sha256-H0hcAJJFLELxJ+3iNit493YVWCsaDyJseyYFKjsSBtc=",
        "owner": "minad",
        "repo": "consult",
        "rev": "a2aaf3a9ff01a1b75b08e61b5ab890eb119b5dbd",
        "type": "github"
      },
      "original": {
        "owner": "minad",
        "repo": "consult",
        "type": "github"
      }
    },
    "consult-eglot": {
      "flake": false,
      "locked": {
        "lastModified": 1756632318,
        "narHash": "sha256-T6ZYTnc9tqwU+UE7f7Yk74mgPg8O5S9rnNZOQs5seBA=",
        "owner": "mohkale",
        "repo": "consult-eglot",
        "rev": "d8b444aac39edfc6473ffbd228df3e9119451b51",
        "type": "github"
      },
      "original": {
        "owner": "mohkale",
        "repo": "consult-eglot",
        "type": "github"
      }
    },
    "consult-org-roam": {
      "flake": false,
      "locked": {
        "lastModified": 1708180945,
        "narHash": "sha256-Gd/rgBbhXa+IP0KCG7bds4Deqhpi22wBQtasWTubQQQ=",
        "owner": "jgru",
        "repo": "consult-org-roam",
        "rev": "a6dec09dcd06a3014409044399c4f8860ca45ef1",
        "type": "github"
      },
      "original": {
        "owner": "jgru",
        "repo": "consult-org-roam",
        "type": "github"
      }
    },
    "corfu": {
      "flake": false,
      "locked": {
        "lastModified": 1760824604,
        "narHash": "sha256-cjETOLZlrBl2yBwhSTRisWLCG7WRHBDYaAP8NLUF6rQ=",
        "owner": "minad",
        "repo": "corfu",
        "rev": "76ee8f4e57d4cfb0deb3988cde199e6028cfbe7e",
        "type": "github"
      },
      "original": {
        "owner": "minad",
        "repo": "corfu",
        "type": "github"
      }
    },
    "dape": {
      "flake": false,
      "locked": {
        "lastModified": 1762198491,
        "narHash": "sha256-IQvS60qmc+n8qHiPhQeVq3u/QnObzuJ36//4taIMKD8=",
        "owner": "svaante",
        "repo": "dape",
        "rev": "afc77c954ff09dcadc686435fba36e67633d5823",
        "type": "github"
      },
      "original": {
        "owner": "svaante",
        "repo": "dape",
        "type": "github"
      }
    },
    "dash": {
      "flake": false,
      "locked": {
        "lastModified": 1760611661,
        "narHash": "sha256-DjUHlCKt1mX72ahkxZxHywyw5pcS1JSFB2Rr+gnIGlQ=",
        "owner": "magnars",
        "repo": "dash.el",
        "rev": "fb443e7a6e660ba849cafcd01021d9aac3ac6764",
        "type": "github"
      },
      "original": {
        "owner": "magnars",
        "repo": "dash.el",
        "type": "github"
      }
    },
    "dashboard": {
      "flake": false,
      "locked": {
        "lastModified": 1755342687,
        "narHash": "sha256-o6cT4+QrWHZTapge+06MJYGx/mGitXh/dbj10u+hBK4=",
        "owner": "emacs-dashboard",
        "repo": "emacs-dashboard",
        "rev": "e5fc08e78223487aa0da12539be1a23356c09ec7",
        "type": "github"
      },
      "original": {
        "owner": "emacs-dashboard",
        "repo": "emacs-dashboard",
        "type": "github"
      }
    },
    "devdocs": {
      "flake": false,
      "locked": {
        "lastModified": 1761137747,
        "narHash": "sha256-H4bdW7TlJ6qUIkyl3B6xiLhxpNCHIHM8cPsrWSBbw+A=",
        "owner": "astoff",
        "repo": "devdocs.el",
        "rev": "25c746024ddf73570195bf42b841f761a2fee10c",
        "type": "github"
      },
      "original": {
        "owner": "astoff",
        "repo": "devdocs.el",
        "type": "github"
      }
    },
    "diff-hl": {
      "flake": false,
      "locked": {
        "lastModified": 1762311170,
        "narHash": "sha256-B5mDMm5yz4DtvRXSpNo16t3h9ZKBqynFLI6tVPL6mMg=",
        "owner": "dgutov",
        "repo": "diff-hl",
        "rev": "f86322b428b9f9422549f023ec975e0311ea8606",
        "type": "github"
      },
      "original": {
        "owner": "dgutov",
        "repo": "diff-hl",
        "type": "github"
      }
    },
    "dired-git-info": {
      "flake": false,
      "locked": {
        "lastModified": 1577647788,
        "narHash": "sha256-M75kskJ2Gx1AllWGcbgsj4Kf6MT2myJ7z2oRXdKOJLc=",
        "owner": "clemera",
        "repo": "dired-git-info",
        "rev": "91d57e3a4c5104c66a3abc18e281ee55e8979176",
        "type": "github"
      },
      "original": {
        "owner": "clemera",
        "repo": "dired-git-info",
        "type": "github"
      }
    },
    "diredfl": {
      "flake": false,
      "locked": {
        "lastModified": 1733053302,
        "narHash": "sha256-FT+OGJHJRocJbSSpVSGQlORWk2/LRdwTM6FECGB636Y=",
        "owner": "purcell",
        "repo": "diredfl",
        "rev": "fe72d2e42ee18bf6228bba9d7086de4098f18a70",
        "type": "github"
      },
      "original": {
        "owner": "purcell",
        "repo": "diredfl",
        "type": "github"
      }
    },
    "dirvish": {
      "flake": false,
      "locked": {
        "lastModified": 1746346061,
        "narHash": "sha256-QBOamfJXLdkw1ShH29w8nYkWfvY/ibjJPNRt0kc8LDU=",
        "owner": "alexluigit",
        "repo": "dirvish",
        "rev": "d877433f957a363ad78b228e13a8e5215f2d6593",
        "type": "github"
      },
      "original": {
        "owner": "alexluigit",
        "repo": "dirvish",
        "type": "github"
      }
    },
    "docker": {
      "flake": false,
      "locked": {
        "lastModified": 1761647197,
        "narHash": "sha256-xPCicLaDj9rHYm5Su1McCrH1IYyFiV7Ejx7qkCqwUIA=",
        "owner": "Silex",
        "repo": "docker.el",
        "rev": "375e0ed45bb1edc655d9ae2943a09864bec1fcba",
        "type": "github"
      },
      "original": {
        "owner": "Silex",
        "repo": "docker.el",
        "type": "github"
      }
    },
    "doom-modeline": {
      "flake": false,
      "locked": {
        "lastModified": 1761494650,
        "narHash": "sha256-UkmFubszMQ5rgryF/IuvA+KIpMmwG3s8cOCjylJONN4=",
        "owner": "seagle0128",
        "repo": "doom-modeline",
        "rev": "20de9feaa0ba3cb498cb9b06de9877ab41928747",
        "type": "github"
      },
      "original": {
        "owner": "seagle0128",
        "repo": "doom-modeline",
        "type": "github"
      }
    },
    "eat": {
      "flake": false,
      "locked": {
        "lastModified": 1738802687,
        "narHash": "sha256-9xG2rMlaMFY77JzUQ3JFrc7XKILZSL8TbP/BkzvBvMk=",
        "ref": "refs/heads/master",
        "rev": "c8d54d649872bfe7b2b9f49ae5c2addbf12d3b99",
        "revCount": 249,
        "type": "git",
        "url": "https://codeberg.org/akib/emacs-eat"
      },
      "original": {
        "type": "git",
        "url": "https://codeberg.org/akib/emacs-eat"
      }
    },
    "ef-themes": {
      "flake": false,
      "locked": {
        "lastModified": 1762160146,
        "narHash": "sha256-3WhRnfMGn/MAY+Ws4bcLDGMjNhMY7qZyWgm4pu736GY=",
        "owner": "protesilaos",
        "repo": "ef-themes",
        "rev": "8855176b689b4e0073a4c1eee3ff0bb6c042b417",
        "type": "github"
      },
      "original": {
        "owner": "protesilaos",
        "repo": "ef-themes",
        "type": "github"
      }
    },
    "eglot-booster": {
      "flake": false,
      "locked": {
        "lastModified": 1752690112,
        "narHash": "sha256-xUBQrQpw+JZxcqT1fy/8C2tjKwa7sLFHXamBm45Fa4Y=",
        "owner": "jdtsmith",
        "repo": "eglot-booster",
        "rev": "cab7803c4f0adc7fff9da6680f90110674bb7a22",
        "type": "github"
      },
      "original": {
        "owner": "jdtsmith",
        "repo": "eglot-booster",
        "type": "github"
      }
    },
    "eglot-java": {
      "flake": false,
      "locked": {
        "lastModified": 1748349170,
        "narHash": "sha256-48nF1a2pEH0LnNlHGCfZ3K7Poxg162sR3epw6EbFRAg=",
        "owner": "yveszoundi",
        "repo": "eglot-java",
        "rev": "b42b5190f3f59976d330fcec5fd27fc8e2701336",
        "type": "github"
      },
      "original": {
        "owner": "yveszoundi",
        "repo": "eglot-java",
        "type": "github"
      }
    },
    "emacsql": {
      "flake": false,
      "locked": {
        "lastModified": 1762027661,
        "narHash": "sha256-OU5MVNtuaCKDromLuUGS7MfhQq8Hj8oW+FVJarau7e0=",
        "owner": "magit",
        "repo": "emacsql",
        "rev": "138fae5c3f55c81a4eded42eabe4e33483de567e",
        "type": "github"
      },
      "original": {
        "owner": "magit",
        "repo": "emacsql",
        "type": "github"
      }
    },
    "embark": {
      "flake": false,
      "locked": {
        "lastModified": 1756129933,
        "narHash": "sha256-bIueN2Z72uAtPdDTHtg3H+ZPX3to3fxLEsTiO25hKOo=",
        "owner": "oantolin",
        "repo": "embark",
        "rev": "1371a1e33e3a3d96557beb28dccf1fa762f6ae22",
        "type": "github"
      },
      "original": {
        "owner": "oantolin",
        "repo": "embark",
        "type": "github"
      }
    },
    "embark-consult": {
      "flake": false,
      "locked": {
        "lastModified": 1756129933,
        "narHash": "sha256-bIueN2Z72uAtPdDTHtg3H+ZPX3to3fxLEsTiO25hKOo=",
        "owner": "oantolin",
        "repo": "embark",
        "rev": "1371a1e33e3a3d96557beb28dccf1fa762f6ae22",
        "type": "github"
      },
      "original": {
        "owner": "oantolin",
        "repo": "embark",
        "type": "github"
      }
    },
    "envrc": {
      "flake": false,
      "locked": {
        "lastModified": 1758100532,
        "narHash": "sha256-Y0GHWhrUL8HrTaNvncDU9ZeB68o8Awb/8inP0M3js0g=",
        "owner": "purcell",
        "repo": "envrc",
        "rev": "de1ae6e538764f74659f358b04af0d84fa0fef42",
        "type": "github"
      },
      "original": {
        "owner": "purcell",
        "repo": "envrc",
        "type": "github"
      }
    },
    "f": {
      "flake": false,
      "locked": {
        "lastModified": 1727955076,
        "narHash": "sha256-rDUl2oUlcnSjNbFZn9A/80RVk6neaTScw2kvh6FjmTE=",
        "owner": "rejeep",
        "repo": "f.el",
        "rev": "931b6d0667fe03e7bf1c6c282d6d8d7006143c52",
        "type": "github"
      },
      "original": {
        "owner": "rejeep",
        "repo": "f.el",
        "type": "github"
      }
    },
    "flycheck": {
      "flake": false,
      "locked": {
        "lastModified": 1762353195,
        "narHash": "sha256-lAjrWvN840SHMYEUnlr6f4Yrb1+Ap301bnZC+mwPOfY=",
        "owner": "flycheck",
        "repo": "flycheck",
        "rev": "b13548bb396cf4ed13b41fbc195c918266fb41f3",
        "type": "github"
      },
      "original": {
        "owner": "flycheck",
        "repo": "flycheck",
        "type": "github"
      }
    },
    "forge": {
      "flake": false,
      "locked": {
        "lastModified": 1762377934,
        "narHash": "sha256-vpha9GeST79WqV8gaVWFtuhHBzPe1iJQAn0O6pf9/dI=",
        "owner": "magit",
        "repo": "forge",
        "rev": "609d7121d01eec265a23b77323fda36dc0fcf11f",
        "type": "github"
      },
      "original": {
        "owner": "magit",
        "repo": "forge",
        "type": "github"
      }
    },
    "fullframe": {
      "flake": false,
      "locked": {
        "lastModified": 1614337055,
        "narHash": "sha256-S2UagqTTgAZQIuOSfpD4YZbkEiG/yu8/dKk/tcY1R+A=",
        "owner": "~tomterl",
        "repo": "fullframe",
        "rev": "886b831c001b44ec95aec4ff36e8bc1b3003c786",
        "type": "sourcehut"
      },
      "original": {
        "owner": "~tomterl",
        "repo": "fullframe",
        "type": "sourcehut"
      }
    },
    "ghub": {
      "flake": false,
      "locked": {
        "lastModified": 1762032419,
        "narHash": "sha256-9UbVSb9vFGS2VLCJCfmWCwaKxtd7ED6WGkJBoS+UM5o=",
        "owner": "magit",
        "repo": "ghub",
        "rev": "447cb51fa7d19e1fb3844acdd2c540be04299ffb",
        "type": "github"
      },
      "original": {
        "owner": "magit",
        "repo": "ghub",
        "type": "github"
      }
    },
    "gradle-mode": {
      "flake": false,
      "locked": {
        "lastModified": 1443290384,
        "narHash": "sha256-THvQklMbSg8bRYkyGaio5dwAJZwu1AXCAe9X9dARQnc=",
        "owner": "scubacabra",
        "repo": "emacs-gradle-mode",
        "rev": "e4d665d5784ecda7ddfba015f07c69be3cfc45f2",
        "type": "github"
      },
      "original": {
        "owner": "scubacabra",
        "repo": "emacs-gradle-mode",
        "type": "github"
      }
    },
    "indent-bars": {
      "flake": false,
      "locked": {
        "lastModified": 1762085828,
        "narHash": "sha256-RvmzF69/SBxGrzcKmGFNRR7qJHFHWNn+jbPVe1XNRhk=",
        "owner": "jdtsmith",
        "repo": "indent-bars",
        "rev": "c3384ec7ff6250f78b118c452458f1a7121841cf",
        "type": "github"
      },
      "original": {
        "owner": "jdtsmith",
        "repo": "indent-bars",
        "type": "github"
      }
    },
    "inheritenv": {
      "flake": false,
      "locked": {
        "lastModified": 1732024534,
        "narHash": "sha256-qzM7uepVOTQyxJmngiePHVXFdeOw59wGvwiKl3xEDT4=",
        "owner": "purcell",
        "repo": "inheritenv",
        "rev": "b9e67cc20c069539698a9ac54d0e6cc11e616c6f",
        "type": "github"
      },
      "original": {
        "owner": "purcell",
        "repo": "inheritenv",
        "type": "github"
      }
    },
    "jinx": {
      "flake": false,
      "locked": {
        "lastModified": 1760350719,
        "narHash": "sha256-owG4qMSWJSX9ZGk6K/0zXw2eXe1tFDSzB7ctgrYrmD8=",
        "owner": "minad",
        "repo": "jinx",
        "rev": "e0ad6ea90e25c363a419eb5dbc378ae82252ed0a",
        "type": "github"
      },
      "original": {
        "owner": "minad",
        "repo": "jinx",
        "type": "github"
      }
    },
    "kotlin-mode": {
      "flake": false,
      "locked": {
        "lastModified": 1674500397,
        "narHash": "sha256-677rfJI9BfAwr7cQau+byPa7oUI8PAgZP8lVq+Qde3E=",
        "owner": "Emacs-Kotlin-Mode-Maintainers",
        "repo": "kotlin-mode",
        "rev": "fddd747e5b4736e8b27a147960f369b86179ddff",
        "type": "github"
      },
      "original": {
        "owner": "Emacs-Kotlin-Mode-Maintainers",
        "repo": "kotlin-mode",
        "type": "github"
      }
    },
    "kubernetes": {
      "flake": false,
      "locked": {
        "lastModified": 1760430650,
        "narHash": "sha256-1eJsi8dAuTk9j3we0Icy0NVUemNAi2O5X/R+Ohv2qMM=",
        "owner": "kubernetes-el",
        "repo": "kubernetes-el",
        "rev": "c60a0d2a52f2e24adf75e8b6f017c1f8f2d926fd",
        "type": "github"
      },
      "original": {
        "owner": "kubernetes-el",
        "repo": "kubernetes-el",
        "type": "github"
      }
    },
    "ligature": {
      "flake": false,
      "locked": {
        "lastModified": 1701587986,
        "narHash": "sha256-gY/WNiUJkPWpdpp4CUJtHbg85l+lbApl3O7eoOZCWN4=",
        "owner": "mickeynp",
        "repo": "ligature.el",
        "rev": "6ac1634612dbd42f7eb81ecaf022bd239aabb954",
        "type": "github"
      },
      "original": {
        "owner": "mickeynp",
        "repo": "ligature.el",
        "type": "github"
      }
    },
    "llama": {
      "flake": false,
      "locked": {
        "lastModified": 1762027340,
        "narHash": "sha256-BUGgcIlaK8z4Z65Kq2BCN1Ym2eYaaX7xlXjxqtXgK2M=",
        "owner": "tarsius",
        "repo": "llama",
        "rev": "e4803de8ab85991b6a944430bb4f543ea338636d",
        "type": "github"
      },
      "original": {
        "owner": "tarsius",
        "repo": "llama",
        "type": "github"
      }
    },
    "magit": {
      "flake": false,
      "locked": {
        "lastModified": 1762383370,
        "narHash": "sha256-v3TFceYMyA6qzqR7WE3kpN7lBSOdrszjYit0mvBVGoI=",
        "owner": "magit",
        "repo": "magit",
        "rev": "e6fef5ceff2b87b9de56ab79b5ea366b5cfede05",
        "type": "github"
      },
      "original": {
        "owner": "magit",
        "repo": "magit",
        "type": "github"
      }
    },
    "magit-popup": {
      "flake": false,
      "locked": {
        "lastModified": 1595153743,
        "narHash": "sha256-AZs4wlZWTYjF9SHON6bTZ/XXqgFLkXPe8prdbfoz134=",
        "owner": "magit",
        "repo": "magit-popup",
        "rev": "d8585fa39f88956963d877b921322530257ba9f5",
        "type": "github"
      },
      "original": {
        "owner": "magit",
        "repo": "magit-popup",
        "type": "github"
      }
    },
    "magit-section": {
      "flake": false,
      "locked": {
        "lastModified": 1762383370,
        "narHash": "sha256-v3TFceYMyA6qzqR7WE3kpN7lBSOdrszjYit0mvBVGoI=",
        "owner": "magit",
        "repo": "magit",
        "rev": "e6fef5ceff2b87b9de56ab79b5ea366b5cfede05",
        "type": "github"
      },
      "original": {
        "owner": "magit",
        "repo": "magit",
        "type": "github"
      }
    },
    "marginalia": {
      "flake": false,
      "locked": {
        "lastModified": 1760347948,
        "narHash": "sha256-AiLJas8QiFy+SbYJRqIMwrI0tj5dB743GCvWPsyEXlQ=",
        "owner": "minad",
        "repo": "marginalia",
        "rev": "8a07e869577e0b8582db2528b08ec295d0405bb7",
        "type": "github"
      },
      "original": {
        "owner": "minad",
        "repo": "marginalia",
        "type": "github"
      }
    },
    "markdown-mode": {
      "flake": false,
      "locked": {
        "lastModified": 1761624767,
        "narHash": "sha256-hClOoFZIa4wVmM/SDNh//AJYppu7+b6cIxHxJJ/Yh3Q=",
        "owner": "jrblevin",
        "repo": "markdown-mode",
        "rev": "b524618c3ed28906a7522482727f121428ce7e2e",
        "type": "github"
      },
      "original": {
        "owner": "jrblevin",
        "repo": "markdown-mode",
        "type": "github"
      }
    },
    "meow": {
      "flake": false,
      "locked": {
        "lastModified": 1757868847,
        "narHash": "sha256-vXdhvLbYruCXmo3Ej2QWFHCMPrkIcX3qOG3JhBY0o5k=",
        "owner": "meow-edit",
        "repo": "meow",
        "rev": "2246f593552c6208bac533de9af04b085fafa6fa",
        "type": "github"
      },
      "original": {
        "owner": "meow-edit",
        "repo": "meow",
        "type": "github"
      }
    },
    "meow-tree-sitter": {
      "flake": false,
      "locked": {
        "lastModified": 1761363238,
        "narHash": "sha256-STfYzRPSqqZ0Q8EfajXqNXohDg/8qEDxSYDXotYpOhQ=",
        "owner": "skissue",
        "repo": "meow-tree-sitter",
        "rev": "af705960ea34763c804e9c3ea16b6fb9645cce0d",
        "type": "github"
      },
      "original": {
        "owner": "skissue",
        "repo": "meow-tree-sitter",
        "type": "github"
      }
    },
    "modus-themes": {
      "flake": false,
      "locked": {
        "lastModified": 1762416059,
        "narHash": "sha256-nhyo+Y8jD3f8EXlaCV0uRW4blsG9xOtCu5E6knW3U3Y=",
        "owner": "protesilaos",
        "repo": "modus-themes",
        "rev": "bbaa20a45bd0563e7ae48cc4b84e5d3998308d5e",
        "type": "github"
      },
      "original": {
        "owner": "protesilaos",
        "repo": "modus-themes",
        "type": "github"
      }
    },
    "nerd-icons": {
      "flake": false,
      "locked": {
        "lastModified": 1762193617,
        "narHash": "sha256-S3U9wqhr+J0f/4OKLJeldFuSuGSa1Lqm2JNIU4Afte4=",
        "owner": "rainstormstudio",
        "repo": "nerd-icons.el",
        "rev": "c65ff02a960b1c509763cbea5922e93877359249",
        "type": "github"
      },
      "original": {
        "owner": "rainstormstudio",
        "repo": "nerd-icons.el",
        "type": "github"
      }
    },
    "nerd-icons-completion": {
      "flake": false,
      "locked": {
        "lastModified": 1761771997,
        "narHash": "sha256-u0WpInnNyae+3bVQ0P1hARPBqlS9SL3plY97tt10Xgg=",
        "owner": "rainstormstudio",
        "repo": "nerd-icons-completion",
        "rev": "d09ea987ed3d2cc64137234f27851594050e2b64",
        "type": "github"
      },
      "original": {
        "owner": "rainstormstudio",
        "repo": "nerd-icons-completion",
        "type": "github"
      }
    },
    "nerd-icons-corfu": {
      "flake": false,
      "locked": {
        "lastModified": 1753803866,
        "narHash": "sha256-QayHcSE786PcvJ+I6Yx86awqqn7D6rJ7sRBnjnkh1ww=",
        "owner": "LuigiPiucco",
        "repo": "nerd-icons-corfu",
        "rev": "f821e953b1a3dc9b381bc53486aabf366bf11cb1",
        "type": "github"
      },
      "original": {
        "owner": "LuigiPiucco",
        "repo": "nerd-icons-corfu",
        "type": "github"
      }
    },
    "nerd-icons-dired": {
      "flake": false,
      "locked": {
        "lastModified": 1761666203,
        "narHash": "sha256-n/KraRPTVrKgvKTMYOPLGpvDneuHQU4M/Rpy5naUbKQ=",
        "owner": "rainstormstudio",
        "repo": "nerd-icons-dired",
        "rev": "311d50d167a4432546d8c6a9fbc2a23754a3e1ea",
        "type": "github"
      },
      "original": {
        "owner": "rainstormstudio",
        "repo": "nerd-icons-dired",
        "type": "github"
      }
    },
    "nix-mode": {
      "flake": false,
      "locked": {
        "lastModified": 1682109415,
        "narHash": "sha256-W/bxCAn4cvzKGbhILxtTiWJ5Wln2w6g4TPgk+ziCXsQ=",
        "owner": "NixOS",
        "repo": "nix-mode",
        "rev": "719feb7868fb567ecfe5578f6119892c771ac5e5",
        "type": "github"
      },
      "original": {
        "owner": "NixOS",
        "repo": "nix-mode",
        "type": "github"
      }
    },
    "nix-ts-mode": {
      "flake": false,
      "locked": {
        "lastModified": 1757595201,
        "narHash": "sha256-wzzLt1wA1/XzkwgEkal9Bxais5uc6FJNXVzxgPN4TR8=",
        "owner": "nix-community",
        "repo": "nix-ts-mode",
        "rev": "d769e53ccc0f40026fd11c7e23bf419c2caf4732",
        "type": "github"
      },
      "original": {
        "owner": "nix-community",
        "repo": "nix-ts-mode",
        "type": "github"
      }
    },
    "nix3": {
      "flake": false,
      "locked": {
        "lastModified": 1742013004,
        "narHash": "sha256-2rg5S/ElHfXFgomnkjkoPjd37jH6c52TsBhNCFvIE+4=",
        "owner": "emacs-twist",
        "repo": "nix3.el",
        "rev": "6e8a7c3b2683a0fdae2a968e211c3585580fbca5",
        "type": "github"
      },
      "original": {
        "owner": "emacs-twist",
        "repo": "nix3.el",
        "type": "github"
      }
    },
    "nushell-ts-mode": {
      "flake": false,
      "locked": {
        "lastModified": 1694997680,
        "narHash": "sha256-C4RRph7zaO4PQkZcUSsFg2jWuLcZGtRjaPcNICj3JG0=",
        "owner": "herbertjones",
        "repo": "nushell-ts-mode",
        "rev": "e07ecc59762fab8d5fa35bc6d3f522f74e580a2f",
        "type": "github"
      },
      "original": {
        "owner": "herbertjones",
        "repo": "nushell-ts-mode",
        "type": "github"
      }
    },
    "orderless": {
      "flake": false,
      "locked": {
        "lastModified": 1758548650,
        "narHash": "sha256-psI93/dgYbiowni0IIGJtfSIcsh9GidAZdRMgIMIoxE=",
        "owner": "oantolin",
        "repo": "orderless",
        "rev": "9cf1c90e2501566ceba59f3220b4630995004efd",
        "type": "github"
      },
      "original": {
        "owner": "oantolin",
        "repo": "orderless",
        "type": "github"
      }
    },
    "org": {
      "flake": false,
      "locked": {
        "lastModified": 1754761417,
        "narHash": "sha256-MbXBcN6PJ1YSZCyxrg5Fng9pVY9X5FHFB+KAFwQu7zQ=",
        "ref": "dev",
        "rev": "f9f909681a051c73c64cc7b030aa54d70bb78f80",
        "revCount": 28482,
        "type": "git",
        "url": "https://code.tecosaur.net/tec/org-mode"
      },
      "original": {
        "ref": "dev",
        "type": "git",
        "url": "https://code.tecosaur.net/tec/org-mode"
      }
    },
    "org-appear": {
      "flake": false,
      "locked": {
        "lastModified": 1721139193,
        "narHash": "sha256-5AuKlhBRqBqFBkDuVlTbBuFlSUdEn5P+JDz3VeG30ME=",
        "owner": "awth13",
        "repo": "org-appear",
        "rev": "32ee50f8fdfa449bbc235617549c1bccb503cb09",
        "type": "github"
      },
      "original": {
        "owner": "awth13",
        "repo": "org-appear",
        "type": "github"
      }
    },
    "org-download": {
      "flake": false,
      "locked": {
        "lastModified": 1731955573,
        "narHash": "sha256-J+bzxgIkbeBK+Uy8g7/J4bhd7UY+kWgIrywi7wBzJJ4=",
        "owner": "abo-abo",
        "repo": "org-download",
        "rev": "c8be2611786d1d8d666b7b4f73582de1093f25ac",
        "type": "github"
      },
      "original": {
        "owner": "abo-abo",
        "repo": "org-download",
        "type": "github"
      }
    },
    "org-modern": {
      "flake": false,
      "locked": {
        "lastModified": 1760348042,
        "narHash": "sha256-dJVCmprBZxVf8I9xlaxw8jHTYNfYYKv06OXex0zZzu8=",
        "owner": "minad",
        "repo": "org-modern",
        "rev": "8829e48aabd289f970d39875f40915526f3423f2",
        "type": "github"
      },
      "original": {
        "owner": "minad",
        "repo": "org-modern",
        "type": "github"
      }
    },
    "org-modern-indent": {
      "flake": false,
      "locked": {
        "lastModified": 1744503427,
        "narHash": "sha256-st3338Jk9kZ5BLEPRJZhjqdncMpLoWNwp60ZwKEObyU=",
        "owner": "jdtsmith",
        "repo": "org-modern-indent",
        "rev": "9973bd3b91e4733a3edd1fca232208c837c05473",
        "type": "github"
      },
      "original": {
        "owner": "jdtsmith",
        "repo": "org-modern-indent",
        "type": "github"
      }
    },
    "org-roam": {
      "flake": false,
      "locked": {
        "lastModified": 1762958066,
        "narHash": "sha256-k1h0UJhPQ6a0QszcNYL1DzJy7xXcGO2XbHPaoOMMtuk=",
        "owner": "org-roam",
        "repo": "org-roam",
        "rev": "6abb3bdc5a4491bbfa01d1f10d9ddb4fd4626887",
        "type": "github"
      },
      "original": {
        "owner": "org-roam",
        "repo": "org-roam",
        "type": "github"
      }
    },
    "org-roam-timestamps": {
      "flake": false,
      "locked": {
        "lastModified": 1667576645,
        "narHash": "sha256-XPA1gjhRxuhUNMlfSRk4UqX9YFmaFvbVn9uozDLyFn0=",
        "owner": "tefkah",
        "repo": "org-roam-timestamps",
        "rev": "c4ff1e2f5b0905b5caa917249aab56ddc1de1ab3",
        "type": "github"
      },
      "original": {
        "owner": "tefkah",
        "repo": "org-roam-timestamps",
        "type": "github"
      }
    },
    "org-roam-ui": {
      "flake": false,
      "locked": {
        "lastModified": 1667644845,
        "narHash": "sha256-dCoEQRi86eMerkMQPy3Ow/Kj9kzHxXRSrDk4cl8uLHo=",
        "owner": "org-roam",
        "repo": "org-roam-ui",
        "rev": "5ac74960231db0bf7783c2ba7a19a60f582e91ab",
        "type": "github"
      },
      "original": {
        "owner": "org-roam",
        "repo": "org-roam-ui",
        "type": "github"
      }
    },
    "projectile": {
      "flake": false,
      "locked": {
        "lastModified": 1752674730,
        "narHash": "sha256-yBYTV3lRnMVNMANuvG4YRp2oDRfFkPu39lunXeEo7YE=",
        "owner": "bbatsov",
        "repo": "projectile",
        "rev": "9325c45e0fd96d5421e75ad901a91ee5353e10ad",
        "type": "github"
      },
      "original": {
        "owner": "bbatsov",
        "repo": "projectile",
        "type": "github"
      }
    },
    "promise": {
      "flake": false,
      "locked": {
        "lastModified": 1615102078,
        "narHash": "sha256-p6HAx+uAQTWfUlPfJu0tk6x6EBxsSuRa+4n7Vd5rus8=",
        "owner": "chuntaro",
        "repo": "emacs-promise",
        "rev": "cec51feb5f957e8febe6325335cf57dc2db6be30",
        "type": "github"
      },
      "original": {
        "owner": "chuntaro",
        "repo": "emacs-promise",
        "type": "github"
      }
    },
    "reformatter": {
      "flake": false,
      "locked": {
        "lastModified": 1754998240,
        "narHash": "sha256-Ks2GpV6xOvD4gqXZjd+TR5nri8Z5MG3XUaFg01+wyKo=",
        "owner": "purcell",
        "repo": "emacs-reformatter",
        "rev": "c52e91d5438b9bf16b77b4384822e254f10a6b0a",
        "type": "github"
      },
      "original": {
        "owner": "purcell",
        "repo": "emacs-reformatter",
        "type": "github"
      }
    },
    "repl-toggle": {
      "flake": false,
      "locked": {
        "lastModified": 1663660366,
        "narHash": "sha256-MelfD/GTlRFyiGt3wA5lTTRfR5QZ+Qb1KhVZm//GDzw=",
        "owner": "~tomterl",
        "repo": "repl-toggle",
        "rev": "e05996b4a2b988f93ccce67f933cfad00064360f",
        "type": "sourcehut"
      },
      "original": {
        "owner": "~tomterl",
        "repo": "repl-toggle",
        "type": "sourcehut"
      }
    },
    "request": {
      "flake": false,
      "locked": {
        "lastModified": 1740009121,
        "narHash": "sha256-BFxOsHTKHghIPFeUyaNXJGZbCD2mIMdRG2qby8p0TpU=",
        "owner": "tkf",
        "repo": "emacs-request",
        "rev": "c22e3c23a6dd90f64be536e176ea0ed6113a5ba6",
        "type": "github"
      },
      "original": {
        "owner": "tkf",
        "repo": "emacs-request",
        "type": "github"
      }
    },
    "root": {
      "inputs": {
        "aio": "aio",
        "benchmark-init": "benchmark-init",
        "cape": "cape",
        "closql": "closql",
        "compat": "compat",
        "cond-let": "cond-let",
        "consult": "consult",
        "consult-eglot": "consult-eglot",
        "consult-org-roam": "consult-org-roam",
        "corfu": "corfu",
        "dape": "dape",
        "dash": "dash",
        "dashboard": "dashboard",
        "devdocs": "devdocs",
        "diff-hl": "diff-hl",
        "dired-git-info": "dired-git-info",
        "diredfl": "diredfl",
        "dirvish": "dirvish",
        "docker": "docker",
        "doom-modeline": "doom-modeline",
        "eat": "eat",
        "ef-themes": "ef-themes",
        "eglot-booster": "eglot-booster",
        "eglot-java": "eglot-java",
        "emacsql": "emacsql",
        "embark": "embark",
        "embark-consult": "embark-consult",
        "envrc": "envrc",
        "f": "f",
        "flycheck": "flycheck",
        "forge": "forge",
        "fullframe": "fullframe",
        "ghub": "ghub",
        "gradle-mode": "gradle-mode",
        "indent-bars": "indent-bars",
        "inheritenv": "inheritenv",
        "jinx": "jinx",
        "kotlin-mode": "kotlin-mode",
        "kubernetes": "kubernetes",
        "ligature": "ligature",
        "llama": "llama",
        "magit": "magit",
        "magit-popup": "magit-popup",
        "magit-section": "magit-section",
        "marginalia": "marginalia",
        "markdown-mode": "markdown-mode",
        "meow": "meow",
        "meow-tree-sitter": "meow-tree-sitter",
        "modus-themes": "modus-themes",
        "nerd-icons": "nerd-icons",
        "nerd-icons-completion": "nerd-icons-completion",
        "nerd-icons-corfu": "nerd-icons-corfu",
        "nerd-icons-dired": "nerd-icons-dired",
        "nix-mode": "nix-mode",
        "nix-ts-mode": "nix-ts-mode",
        "nix3": "nix3",
        "nushell-ts-mode": "nushell-ts-mode",
        "orderless": "orderless",
        "org": "org",
        "org-appear": "org-appear",
        "org-download": "org-download",
        "org-modern": "org-modern",
        "org-modern-indent": "org-modern-indent",
        "org-roam": "org-roam",
        "org-roam-timestamps": "org-roam-timestamps",
        "org-roam-ui": "org-roam-ui",
        "projectile": "projectile",
        "promise": "promise",
        "reformatter": "reformatter",
        "repl-toggle": "repl-toggle",
        "request": "request",
        "s": "s",
        "scala-mode": "scala-mode",
        "setup": "setup",
        "shrink-path": "shrink-path",
        "simple-httpd": "simple-httpd",
        "tablist": "tablist",
        "tempel": "tempel",
        "tempel-collection": "tempel-collection",
        "transient": "transient",
        "treepy": "treepy",
        "treesit-fold": "treesit-fold",
        "twist": "twist",
        "undo-fu": "undo-fu",
        "vertico": "vertico",
        "websocket": "websocket",
        "which-key": "which-key",
        "with-editor": "with-editor",
        "yaml": "yaml"
      }
    },
    "s": {
      "flake": false,
      "locked": {
        "lastModified": 1681482914,
        "narHash": "sha256-fbF/SyPwEiJICaPBq0xWj2yLWjdNwkaLF2iYvZ2EO1k=",
        "owner": "magnars",
        "repo": "s.el",
        "rev": "dda84d38fffdaf0c9b12837b504b402af910d01d",
        "type": "github"
      },
      "original": {
        "owner": "magnars",
        "repo": "s.el",
        "type": "github"
      }
    },
    "scala-mode": {
      "flake": false,
      "locked": {
        "lastModified": 1735634355,
        "narHash": "sha256-fwxJk/MXwwEvAMjS6SLb9TJpx7X/uEM0wjm8FYF+q9o=",
        "owner": "hvesalai",
        "repo": "emacs-scala-mode",
        "rev": "661337d8aa0a0cb418184c83757661603de3b2e3",
        "type": "github"
      },
      "original": {
        "owner": "hvesalai",
        "repo": "emacs-scala-mode",
        "type": "github"
      }
    },
    "setup": {
      "flake": false,
      "locked": {
        "lastModified": 1761595148,
        "narHash": "sha256-lLeKsLFf1+Bjk6ETq+0Nncw6DPOVxE49cAexdLAr/5U=",
        "ref": "refs/heads/master",
        "rev": "de9b86c6f29cf9888e911924ffc4ce47312320c3",
        "revCount": 224,
        "type": "git",
        "url": "https://codeberg.org/pkal/setup.el"
      },
      "original": {
        "type": "git",
        "url": "https://codeberg.org/pkal/setup.el"
      }
    },
    "shrink-path": {
      "flake": false,
      "locked": {
        "lastModified": 1549632947,
        "narHash": "sha256-6nDx14L9Idx2Byg+yBdygMtUiE6obz7ADzL2+4jwy/Y=",
        "owner": "bennya",
        "repo": "shrink-path.el",
        "rev": "c14882c8599aec79a6e8ef2d06454254bb3e1e41",
        "type": "gitlab"
      },
      "original": {
        "owner": "bennya",
        "repo": "shrink-path.el",
        "type": "gitlab"
      }
    },
    "simple-httpd": {
      "flake": false,
      "locked": {
        "lastModified": 1703869136,
        "narHash": "sha256-9XVDGVN/m5pEto+g3FYrExhFOeIZdypDkYUGlMezLIc=",
        "owner": "skeeto",
        "repo": "emacs-web-server",
        "rev": "3982c55e9061475038a3ccd61aecb2de3d407cec",
        "type": "github"
      },
      "original": {
        "owner": "skeeto",
        "repo": "emacs-web-server",
        "type": "github"
      }
    },
    "tablist": {
      "flake": false,
      "locked": {
        "lastModified": 1697714774,
        "narHash": "sha256-8XeE1pyrbkipBNBeoNMaOQN0RaOMgq6QNYbpjlLWMdg=",
        "owner": "emacsorphanage",
        "repo": "tablist",
        "rev": "fcd37147121fabdf003a70279cf86fbe08cfac6f",
        "type": "github"
      },
      "original": {
        "owner": "emacsorphanage",
        "repo": "tablist",
        "type": "github"
      }
    },
    "tempel": {
      "flake": false,
      "locked": {
        "lastModified": 1760348168,
        "narHash": "sha256-4zVB3q/dYX8x475/7MXhBG1sfF8K86H4HR79cfZHw9M=",
        "owner": "minad",
        "repo": "tempel",
        "rev": "ec7b77fe9f550e39928c6979fd05948753a0fad1",
        "type": "github"
      },
      "original": {
        "owner": "minad",
        "repo": "tempel",
        "type": "github"
      }
    },
    "tempel-collection": {
      "flake": false,
      "locked": {
        "lastModified": 1744301236,
        "narHash": "sha256-1D40+Xn98w1rBfpwWrKFdzux7IBSNVooilTsIGAuSUA=",
        "owner": "Crandel",
        "repo": "tempel-collection",
        "rev": "5cb6bc6b5856c70806ff6b2f952814ff702137c6",
        "type": "github"
      },
      "original": {
        "owner": "Crandel",
        "repo": "tempel-collection",
        "type": "github"
      }
    },
    "transient": {
      "flake": false,
      "locked": {
        "lastModified": 1763130228,
        "narHash": "sha256-hhu57m94doI8So4QYpziQUlHQ0QJKwdExEsO/sWyG0E=",
        "owner": "magit",
        "repo": "transient",
        "rev": "5a37ade046d7150cc5aff679b782df9c081e5a2b",
        "type": "github"
      },
      "original": {
        "owner": "magit",
        "repo": "transient",
        "type": "github"
      }
    },
    "treepy": {
      "flake": false,
      "locked": {
        "lastModified": 1727681311,
        "narHash": "sha256-FtvWt5usbaNYXHZZ73+EuhOu0+4QcO3msPPpscLSZHg=",
        "owner": "volrath",
        "repo": "treepy.el",
        "rev": "651e2634f01f346da9ec8a64613c51f54b444bc3",
        "type": "github"
      },
      "original": {
        "owner": "volrath",
        "repo": "treepy.el",
        "type": "github"
      }
    },
    "treesit-fold": {
      "flake": false,
      "locked": {
        "lastModified": 1757576223,
        "narHash": "sha256-sO990vVAVzX/x3myuEGfymz/AG4Is5ob2/tQORToIxQ=",
        "owner": "emacs-tree-sitter",
        "repo": "treesit-fold",
        "rev": "b44cdf3a15af1cff0d886a96637b89046b5aeac7",
        "type": "github"
      },
      "original": {
        "owner": "emacs-tree-sitter",
        "repo": "treesit-fold",
        "type": "github"
      }
    },
    "twist": {
      "flake": false,
      "locked": {
        "lastModified": 1700878793,
        "narHash": "sha256-R4wXVq9lb8WuTDdXjtaFiptJgBhKjoiJzUNXtZwkvto=",
        "owner": "emacs-twist",
        "repo": "twist.el",
        "rev": "cc49891252ae060656bb859ca5bc49a5dcb47b40",
        "type": "github"
      },
      "original": {
        "owner": "emacs-twist",
        "repo": "twist.el",
        "type": "github"
      }
    },
    "undo-fu": {
      "flake": false,
      "locked": {
        "lastModified": 1749684705,
        "narHash": "sha256-opZ6nGt/XFkAIQ/bn56N8i+ZELDo/xNkFlqDdp9WVE0=",
        "ref": "refs/heads/main",
        "rev": "545e29459e71a9aca81c96c1385d43a5696e27e9",
        "revCount": 102,
        "type": "git",
        "url": "https://codeberg.org/ideasman42/emacs-undo-fu.git"
      },
      "original": {
        "type": "git",
        "url": "https://codeberg.org/ideasman42/emacs-undo-fu.git"
      }
    },
    "vertico": {
      "flake": false,
      "locked": {
        "lastModified": 1760079438,
        "narHash": "sha256-B7/V0py+9ZCqZScjps2/1LNtM1+PPTUH+DKnYasxm4M=",
        "owner": "minad",
        "repo": "vertico",
        "rev": "17c629087ea23466b10fd0dd4ecce53e17a810e3",
        "type": "github"
      },
      "original": {
        "owner": "minad",
        "repo": "vertico",
        "type": "github"
      }
    },
    "websocket": {
      "flake": false,
      "locked": {
        "lastModified": 1691550335,
        "narHash": "sha256-pN3gTdVH5IWUq0eGvkXBgkUcxzni2Iq24ZrHnIfxAC8=",
        "owner": "ahyatt",
        "repo": "emacs-websocket",
        "rev": "40c208eaab99999d7c1e4bea883648da24c03be3",
        "type": "github"
      },
      "original": {
        "owner": "ahyatt",
        "repo": "emacs-websocket",
        "type": "github"
      }
    },
    "which-key": {
      "flake": false,
      "locked": {
        "lastModified": 1719328933,
        "narHash": "sha256-fE445u1OSi8M4eucShxZL89BaXqsVZhlWqS+lSGjrSI=",
        "owner": "justbur",
        "repo": "emacs-which-key",
        "rev": "38d4308d1143b61e4004b6e7a940686784e51500",
        "type": "github"
      },
      "original": {
        "owner": "justbur",
        "repo": "emacs-which-key",
        "type": "github"
      }
    },
    "with-editor": {
      "flake": false,
      "locked": {
        "lastModified": 1762030814,
        "narHash": "sha256-eHBJElVSrXHlGuXospNUaf0ZAU1VclTnFO9P0HzimHQ=",
        "owner": "magit",
        "repo": "with-editor",
        "rev": "dbc694406c2fd8e9d3e6ffbc4f8aff4e8c28029f",
        "type": "github"
      },
      "original": {
        "owner": "magit",
        "repo": "with-editor",
        "type": "github"
      }
    },
    "yaml": {
      "flake": false,
      "locked": {
        "lastModified": 1761771404,
        "narHash": "sha256-cwslh0ZUoXj5R6qTDJHr1YkooJGE1nPkj/P/87tfM5c=",
        "owner": "zkry",
        "repo": "yaml.el",
        "rev": "3fbeaee97dce3c76a18b02a28c58777cbcdadf2f",
        "type": "github"
      },
      "original": {
        "owner": "zkry",
        "repo": "yaml.el",
        "type": "github"
      }
    }
  },
  "root": "root",
  "version": 7
}
